
Microsoft Visual Studio Solution File, Format Version 11.00
# Visual Studio 2010
Project("{F184B08F-C81C-45F6-A57F-5ABD9991F28F}") = "FantasyFootball", "FantasyFootball\FantasyFootball.vbproj", "{2DA7E67F-1A86-4D2B-8AF6-6EC41A07FD15}"
EndProject
Project("{F184B08F-C81C-45F6-A57F-5ABD9991F28F}") = "BLL", "BLL\BLL.vbproj", "{AA351F1E-AA3E-4536-A9F8-09603DFF7D25}"
EndProject
Project("{F184B08F-C81C-45F6-A57F-5ABD9991F28F}") = "DAL", "DAL\DAL.vbproj", "{C7E1F93E-0BEE-487F-BCE0-D9C135AC9D62}"
EndProject
Project("{F184B08F-C81C-45F6-A57F-5ABD9991F28F}") = "DataObjects", "DataObjects\DataObjects.vbproj", "{07AEC6B0-9E92-4FD8-8589-37F3DCB6F538}"
EndProject
Global
	GlobalSection(SolutionConfigurationPlatforms) = preSolution
		Debug|Any CPU = Debug|Any CPU
		Debug|Mixed Platforms = Debug|Mixed Platforms
		Debug|x86 = Debug|x86
		Release|Any CPU = Release|Any CPU
		Release|Mixed Platforms = Release|Mixed Platforms
		Release|x86 = Release|x86
	EndGlobalSection
	GlobalSection(ProjectConfigurationPlatforms) = postSolution
		{2DA7E67F-1A86-4D2B-8AF6-6EC41A07FD15}.Debug|Any CPU.ActiveCfg = Debug|x86
		{2DA7E67F-1A86-4D2B-8AF6-6EC41A07FD15}.Debug|Mixed Platforms.ActiveCfg = Debug|x86
		{2DA7E67F-1A86-4D2B-8AF6-6EC41A07FD15}.Debug|Mixed Platforms.Build.0 = Debug|x86
		{2DA7E67F-1A86-4D2B-8AF6-6EC41A07FD15}.Debug|x86.ActiveCfg = Debug|x86
		{2DA7E67F-1A86-4D2B-8AF6-6EC41A07FD15}.Debug|x86.Build.0 = Debug|x86
		{2DA7E67F-1A86-4D2B-8AF6-6EC41A07FD15}.Release|Any CPU.ActiveCfg = Release|x86
		{2DA7E67F-1A86-4D2B-8AF6-6EC41A07FD15}.Release|Mixed Platforms.ActiveCfg = Release|x86
		{2DA7E67F-1A86-4D2B-8AF6-6EC41A07FD15}.Release|Mixed Platforms.Build.0 = Release|x86
		{2DA7E67F-1A86-4D2B-8AF6-6EC41A07FD15}.Release|x86.ActiveCfg = Release|x86
		{2DA7E67F-1A86-4D2B-8AF6-6EC41A07FD15}.Release|x86.Build.0 = Release|x86
		{AA351F1E-AA3E-4536-A9F8-09603DFF7D25}.Debug|Any CPU.ActiveCfg = Debug|Any CPU
		{AA351F1E-AA3E-4536-A9F8-09603DFF7D25}.Debug|Any CPU.Build.0 = Debug|Any CPU
		{AA351F1E-AA3E-4536-A9F8-09603DFF7D25}.Debug|Mixed Platforms.ActiveCfg = Debug|Any CPU
		{AA351F1E-AA3E-4536-A9F8-09603DFF7D25}.Debug|Mixed Platforms.Build.0 = Debug|Any CPU
		{AA351F1E-AA3E-4536-A9F8-09603DFF7D25}.Debug|x86.ActiveCfg = Debug|Any CPU
		{AA351F1E-AA3E-4536-A9F8-09603DFF7D25}.Release|Any CPU.ActiveCfg = Release|Any CPU
		{AA351F1E-AA3E-4536-A9F8-09603DFF7D25}.Release|Any CPU.Build.0 = Release|Any CPU
		{AA351F1E-AA3E-4536-A9F8-09603DFF7D25}.Release|Mixed Platforms.ActiveCfg = Release|Any CPU
		{AA351F1E-AA3E-4536-A9F8-09603DFF7D25}.Release|Mixed Platforms.Build.0 = Release|Any CPU
		{AA351F1E-AA3E-4536-A9F8-09603DFF7D25}.Release|x86.ActiveCfg = Release|Any CPU
		{C7E1F93E-0BEE-487F-BCE0-D9C135AC9D62}.Debug|Any CPU.ActiveCfg = Debug|Any CPU
		{C7E1F93E-0BEE-487F-BCE0-D9C135AC9D62}.Debug|Any CPU.Build.0 = Debug|Any CPU
		{C7E1F93E-0BEE-487F-BCE0-D9C135AC9D62}.Debug|Mixed Platforms.ActiveCfg = Debug|Any CPU
		{C7E1F93E-0BEE-487F-BCE0-D9C135AC9D62}.Debug|Mixed Platforms.Build.0 = Debug|Any CPU
		{C7E1F93E-0BEE-487F-BCE0-D9C135AC9D62}.Debug|x86.ActiveCfg = Debug|Any CPU
		{C7E1F93E-0BEE-487F-BCE0-D9C135AC9D62}.Release|Any CPU.ActiveCfg = Release|Any CPU
		{C7E1F93E-0BEE-487F-BCE0-D9C135AC9D62}.Release|Any CPU.Build.0 = Release|Any CPU
		{C7E1F93E-0BEE-487F-BCE0-D9C135AC9D62}.Release|Mixed Platforms.ActiveCfg = Release|Any CPU
		{C7E1F93E-0BEE-487F-BCE0-D9C135AC9D62}.Release|Mixed Platforms.Build.0 = Release|Any CPU
		{C7E1F93E-0BEE-487F-BCE0-D9C135AC9D62}.Release|x86.ActiveCfg = Release|Any CPU
		{07AEC6B0-9E92-4FD8-8589-37F3DCB6F538}.Debug|Any CPU.ActiveCfg = Debug|Any CPU
		{07AEC6B0-9E92-4FD8-8589-37F3DCB6F538}.Debug|Any CPU.Build.0 = Debug|Any CPU
		{07AEC6B0-9E92-4FD8-8589-37F3DCB6F538}.Debug|Mixed Platforms.ActiveCfg = Debug|Any CPU
		{07AEC6B0-9E92-4FD8-8589-37F3DCB6F538}.Debug|Mixed Platforms.Build.0 = Debug|Any CPU
		{07AEC6B0-9E92-4FD8-8589-37F3DCB6F538}.Debug|x86.ActiveCfg = Debug|Any CPU
		{07AEC6B0-9E92-4FD8-8589-37F3DCB6F538}.Release|Any CPU.ActiveCfg = Release|Any CPU
		{07AEC6B0-9E92-4FD8-8589-37F3DCB6F538}.Release|Any CPU.Build.0 = Release|Any CPU
		{07AEC6B0-9E92-4FD8-8589-37F3DCB6F538}.Release|Mixed Platforms.ActiveCfg = Release|Any CPU
		{07AEC6B0-9E92-4FD8-8589-37F3DCB6F538}.Release|Mixed Platforms.Build.0 = Release|Any CPU
		{07AEC6B0-9E92-4FD8-8589-37F3DCB6F538}.Release|x86.ActiveCfg = Release|Any CPU
	EndGlobalSection
	GlobalSection(SolutionProperties) = preSolution
		HideSolutionNode = FALSE
	EndGlobalSection
EndGlobal
